
Microsoft Visual Studio Solution File, Format Version 12.00
# Visual Studio Version 16
VisualStudioVersion = 16.0.33927.289
MinimumVisualStudioVersion = 10.0.40219.1
Project("{2150E333-8FDC-42A3-9474-1A3956D46DE8}") = "Task0", "Task0", "{5698F384-AF80-47C8-B590-080623530C41}"
EndProject
Project("{FAE04EC0-301F-11D3-BF4B-00C04F79EFBC}") = "Tyuiu.GorbunovAA.Sprint3.Task0.V18", "Tyuiu.GorbunovAA.Sprint3.Task0.V18\Tyuiu.GorbunovAA.Sprint3.Task0.V18.csproj", "{6CAC5C27-E88A-4D9E-80A0-3BF4301FF33D}"
EndProject
Project("{FAE04EC0-301F-11D3-BF4B-00C04F79EFBC}") = "Tyuiu.GorbunovAA.Sprint3.Task0.V18.Lib", "Tyuiu.GorbunovAA.Sprint3.Task0.V18.Lib\Tyuiu.GorbunovAA.Sprint3.Task0.V18.Lib.csproj", "{3B3E85A7-0160-4457-9212-EF9897D75DE3}"
EndProject
Project("{FAE04EC0-301F-11D3-BF4B-00C04F79EFBC}") = "Tyuiu.GorbunovAA.Sprint3.Task0.V18.Test", "Tyuiu.GorbunovAA.Sprint3.Task0.V18.Test\Tyuiu.GorbunovAA.Sprint3.Task0.V18.Test.csproj", "{2AA623CD-3E41-456D-8D9F-6BBBB7735194}"
EndProject
Project("{2150E333-8FDC-42A3-9474-1A3956D46DE8}") = "Task2", "Task2", "{553023E0-4738-468D-AC91-25B952C545E9}"
EndProject
Project("{FAE04EC0-301F-11D3-BF4B-00C04F79EFBC}") = "Tyuiu.GorbunovAA.Sprint3.Task2.V3", "Tyuiu.GorbunovAA.Sprint3.Task2.V3\Tyuiu.GorbunovAA.Sprint3.Task2.V3.csproj", "{7D805795-10FF-4D2D-9113-7B4E78594A86}"
EndProject
Project("{FAE04EC0-301F-11D3-BF4B-00C04F79EFBC}") = "Tyuiu.GorbunovAA.Sprint3.Task2.V3.Lib", "Tyuiu.GorbunovAA.Sprint3.Task2.V3.Lib\Tyuiu.GorbunovAA.Sprint3.Task2.V3.Lib.csproj", "{5E8E2C7D-A154-48F9-9FB2-82439E5A912A}"
EndProject
Project("{FAE04EC0-301F-11D3-BF4B-00C04F79EFBC}") = "Tyuiu.GorbunovAA.Sprint3.Task2.V3.Test", "Tyuiu.GorbunovAA.Sprint3.Task2.V3.Test\Tyuiu.GorbunovAA.Sprint3.Task2.V3.Test.csproj", "{46E22E69-C290-45F7-ABEE-6942B293BC42}"
EndProject
Project("{2150E333-8FDC-42A3-9474-1A3956D46DE8}") = "Task3", "Task3", "{6B4C10E7-7D79-46C5-BAED-EEB81BAA7D1E}"
EndProject
Project("{FAE04EC0-301F-11D3-BF4B-00C04F79EFBC}") = "Tyuiu.GorbunovAA.Sprint3.Task3.V24", "Tyuiu.GorbunovAA.Sprint3.Task3.V24\Tyuiu.GorbunovAA.Sprint3.Task3.V24.csproj", "{DB48D36F-4329-44B1-91ED-907068B65ECA}"
EndProject
Project("{FAE04EC0-301F-11D3-BF4B-00C04F79EFBC}") = "Tyuiu.GorbunovAA.Sprint3.Task3.V24.Lib", "Tyuiu.GorbunovAA.Sprint3.Task3.V24.Lib\Tyuiu.GorbunovAA.Sprint3.Task3.V24.Lib.csproj", "{A8199D42-B79F-4550-BA28-AFB3673D3DA0}"
EndProject
Project("{FAE04EC0-301F-11D3-BF4B-00C04F79EFBC}") = "Tyuiu.GorbunovAA.Sprint3.Task3.V24.Test", "Tyuiu.GorbunovAA.Sprint3.Task3.V24.Test\Tyuiu.GorbunovAA.Sprint3.Task3.V24.Test.csproj", "{262BBD63-C8EF-4858-9642-56EA617B4588}"
EndProject
Project("{2150E333-8FDC-42A3-9474-1A3956D46DE8}") = "Task1", "Task1", "{E9124B49-199F-4A9F-9D14-FD1D6898FBCD}"
EndProject
Project("{FAE04EC0-301F-11D3-BF4B-00C04F79EFBC}") = "Tyuiu.GorbunovAA.Sprint3.Task1.V3", "Tyuiu.GorbunovAA.Sprint3.Task1.V3\Tyuiu.GorbunovAA.Sprint3.Task1.V3.csproj", "{DCA4D8FE-6085-4B34-AEB6-E77BCFF47982}"
EndProject
Project("{FAE04EC0-301F-11D3-BF4B-00C04F79EFBC}") = "Tyuiu.GorbunovAA.Sprint3.Task1.V3.Lib", "Tyuiu.GorbunovAA.Sprint3.Task1.V3.Lib\Tyuiu.GorbunovAA.Sprint3.Task1.V3.Lib.csproj", "{0DCC95D7-B7E5-4DFA-8792-1352BC82E707}"
EndProject
Project("{FAE04EC0-301F-11D3-BF4B-00C04F79EFBC}") = "Tyuiu.GorbunovAA.Sprint3.Task1.V3.Test", "Tyuiu.GorbunovAA.Sprint3.Task1.V3.Test\Tyuiu.GorbunovAA.Sprint3.Task1.V3.Test.csproj", "{20F367E5-E130-4139-80B3-CA9903B2AB4D}"
EndProject
Project("{2150E333-8FDC-42A3-9474-1A3956D46DE8}") = "Task4", "Task4", "{AA53E90F-7B9E-4ED1-8545-AB5131B0F1F3}"
EndProject
Project("{FAE04EC0-301F-11D3-BF4B-00C04F79EFBC}") = "Tyuiu.GorbunovAA.Sprint3.Task4.V3", "Tyuiu.GorbunovAA.Sprint3.Task4.V3\Tyuiu.GorbunovAA.Sprint3.Task4.V3.csproj", "{A3DF4095-7638-4AE3-9E05-17BBEE5CAD1B}"
EndProject
Project("{FAE04EC0-301F-11D3-BF4B-00C04F79EFBC}") = "Tyuiu.GorbunovAA.Sprint3.Task4.V3.Lib", "Tyuiu.GorbunovAA.Sprint3.Task4.V3.Lib\Tyuiu.GorbunovAA.Sprint3.Task4.V3.Lib.csproj", "{51ED7B34-1963-4EC2-A26D-2608879658AF}"
EndProject
Project("{FAE04EC0-301F-11D3-BF4B-00C04F79EFBC}") = "Tyuiu.GorbunovAA.Sprint3.Task4.V3.Test", "Tyuiu.GorbunovAA.Sprint3.Task4.V3.Test\Tyuiu.GorbunovAA.Sprint3.Task4.V3.Test.csproj", "{B15CC8AC-71C5-408E-957D-2484D742A0C4}"
EndProject
Project("{2150E333-8FDC-42A3-9474-1A3956D46DE8}") = "Task5", "Task5", "{29F29D57-6A79-449F-8137-5B8B02A231D4}"
EndProject
Project("{FAE04EC0-301F-11D3-BF4B-00C04F79EFBC}") = "Tyuiu.GorbunovAA.Sprint3.Task5.V19", "Tyuiu.GorbunovAA.Sprint3.Task5.V19\Tyuiu.GorbunovAA.Sprint3.Task5.V19.csproj", "{80A0B93F-9B2A-44C7-8F09-F6693C30ECB6}"
EndProject
Project("{FAE04EC0-301F-11D3-BF4B-00C04F79EFBC}") = "Tyuiu.GorbunovAA.Sprint3.Task5.V19.Lib", "Tyuiu.GorbunovAA.Sprint3.Task5.V19.Lib\Tyuiu.GorbunovAA.Sprint3.Task5.V19.Lib.csproj", "{B34D8021-0E85-4BC3-81D3-FA9C4B0D1FCD}"
EndProject
Project("{FAE04EC0-301F-11D3-BF4B-00C04F79EFBC}") = "Tyuiu.GorbunovAA.Sprint3.Task5.V19.Test", "Tyuiu.GorbunovAA.Sprint3.Task5.V19.Test\Tyuiu.GorbunovAA.Sprint3.Task5.V19.Test.csproj", "{F5A471E4-8046-4008-B4A6-755208872B44}"
EndProject
Project("{2150E333-8FDC-42A3-9474-1A3956D46DE8}") = "Task6", "Task6", "{3755735D-5B11-4ED1-89E1-DDE3FD4FB503}"
EndProject
Project("{FAE04EC0-301F-11D3-BF4B-00C04F79EFBC}") = "Tyuiu.GorbunovAA.Sprint3.Task6.V2", "Tyuiu.GorbunovAA.Sprint3.Task6.V2\Tyuiu.GorbunovAA.Sprint3.Task6.V2.csproj", "{663C9131-CDCC-4F31-AAFF-842C0BF1F0B4}"
EndProject
Project("{FAE04EC0-301F-11D3-BF4B-00C04F79EFBC}") = "Tyuiu.GorbunovAA.Sprint3.Task6.V2.Lib", "Tyuiu.GorbunovAA.Sprint3.Task6.V2.Lib\Tyuiu.GorbunovAA.Sprint3.Task6.V2.Lib.csproj", "{41F4CAA9-B004-477D-B2F5-4F31EB876739}"
EndProject
Project("{FAE04EC0-301F-11D3-BF4B-00C04F79EFBC}") = "Tyuiu.GorbunovAA.Sprint3.Task6.V2.Test", "Tyuiu.GorbunovAA.Sprint3.Task6.V2.Test\Tyuiu.GorbunovAA.Sprint3.Task6.V2.Test.csproj", "{3D58BF63-F959-4425-9815-08434FD8AA12}"
EndProject
Project("{2150E333-8FDC-42A3-9474-1A3956D46DE8}") = "Task7", "Task7", "{4325AD4E-BEE6-4D9D-953B-C42704AF3C83}"
EndProject
Project("{FAE04EC0-301F-11D3-BF4B-00C04F79EFBC}") = "Tyuiu.GorbunovAA.Sprint3.Task7.V23", "Tyuiu.GorbunovAA.Sprint3.Task7.V23\Tyuiu.GorbunovAA.Sprint3.Task7.V23.csproj", "{4A191555-DD05-4BC0-A3A8-465B42A594CB}"
EndProject
Project("{FAE04EC0-301F-11D3-BF4B-00C04F79EFBC}") = "Tyuiu.GorbunovAA.Sprint3.Task7.V23.Lib", "Tyuiu.GorbunovAA.Sprint3.Task7.V23.Lib\Tyuiu.GorbunovAA.Sprint3.Task7.V23.Lib.csproj", "{45A4A04F-9B89-4446-820F-F3CCBC924BD7}"
EndProject
Project("{FAE04EC0-301F-11D3-BF4B-00C04F79EFBC}") = "Tyuiu.GorbunovAA.Sprint3.Task7.V23.Test", "Tyuiu.GorbunovAA.Sprint3.Task7.V23.Test\Tyuiu.GorbunovAA.Sprint3.Task7.V23.Test.csproj", "{56B2E70E-7CC6-4A43-A749-940C6C6A0068}"
EndProject
Global
	GlobalSection(SolutionConfigurationPlatforms) = preSolution
		Debug|Any CPU = Debug|Any CPU
		Release|Any CPU = Release|Any CPU
	EndGlobalSection
	GlobalSection(ProjectConfigurationPlatforms) = postSolution
		{6CAC5C27-E88A-4D9E-80A0-3BF4301FF33D}.Debug|Any CPU.ActiveCfg = Debug|Any CPU
		{6CAC5C27-E88A-4D9E-80A0-3BF4301FF33D}.Debug|Any CPU.Build.0 = Debug|Any CPU
		{6CAC5C27-E88A-4D9E-80A0-3BF4301FF33D}.Release|Any CPU.ActiveCfg = Release|Any CPU
		{6CAC5C27-E88A-4D9E-80A0-3BF4301FF33D}.Release|Any CPU.Build.0 = Release|Any CPU
		{3B3E85A7-0160-4457-9212-EF9897D75DE3}.Debug|Any CPU.ActiveCfg = Debug|Any CPU
		{3B3E85A7-0160-4457-9212-EF9897D75DE3}.Debug|Any CPU.Build.0 = Debug|Any CPU
		{3B3E85A7-0160-4457-9212-EF9897D75DE3}.Release|Any CPU.ActiveCfg = Release|Any CPU
		{3B3E85A7-0160-4457-9212-EF9897D75DE3}.Release|Any CPU.Build.0 = Release|Any CPU
		{2AA623CD-3E41-456D-8D9F-6BBBB7735194}.Debug|Any CPU.ActiveCfg = Debug|Any CPU
		{2AA623CD-3E41-456D-8D9F-6BBBB7735194}.Debug|Any CPU.Build.0 = Debug|Any CPU
		{2AA623CD-3E41-456D-8D9F-6BBBB7735194}.Release|Any CPU.ActiveCfg = Release|Any CPU
		{2AA623CD-3E41-456D-8D9F-6BBBB7735194}.Release|Any CPU.Build.0 = Release|Any CPU
		{7D805795-10FF-4D2D-9113-7B4E78594A86}.Debug|Any CPU.ActiveCfg = Debug|Any CPU
		{7D805795-10FF-4D2D-9113-7B4E78594A86}.Debug|Any CPU.Build.0 = Debug|Any CPU
		{7D805795-10FF-4D2D-9113-7B4E78594A86}.Release|Any CPU.ActiveCfg = Release|Any CPU
		{7D805795-10FF-4D2D-9113-7B4E78594A86}.Release|Any CPU.Build.0 = Release|Any CPU
		{5E8E2C7D-A154-48F9-9FB2-82439E5A912A}.Debug|Any CPU.ActiveCfg = Debug|Any CPU
		{5E8E2C7D-A154-48F9-9FB2-82439E5A912A}.Debug|Any CPU.Build.0 = Debug|Any CPU
		{5E8E2C7D-A154-48F9-9FB2-82439E5A912A}.Release|Any CPU.ActiveCfg = Release|Any CPU
		{5E8E2C7D-A154-48F9-9FB2-82439E5A912A}.Release|Any CPU.Build.0 = Release|Any CPU
		{46E22E69-C290-45F7-ABEE-6942B293BC42}.Debug|Any CPU.ActiveCfg = Debug|Any CPU
		{46E22E69-C290-45F7-ABEE-6942B293BC42}.Debug|Any CPU.Build.0 = Debug|Any CPU
		{46E22E69-C290-45F7-ABEE-6942B293BC42}.Release|Any CPU.ActiveCfg = Release|Any CPU
		{46E22E69-C290-45F7-ABEE-6942B293BC42}.Release|Any CPU.Build.0 = Release|Any CPU
		{DB48D36F-4329-44B1-91ED-907068B65ECA}.Debug|Any CPU.ActiveCfg = Debug|Any CPU
		{DB48D36F-4329-44B1-91ED-907068B65ECA}.Debug|Any CPU.Build.0 = Debug|Any CPU
		{DB48D36F-4329-44B1-91ED-907068B65ECA}.Release|Any CPU.ActiveCfg = Release|Any CPU
		{DB48D36F-4329-44B1-91ED-907068B65ECA}.Release|Any CPU.Build.0 = Release|Any CPU
		{A8199D42-B79F-4550-BA28-AFB3673D3DA0}.Debug|Any CPU.ActiveCfg = Debug|Any CPU
		{A8199D42-B79F-4550-BA28-AFB3673D3DA0}.Debug|Any CPU.Build.0 = Debug|Any CPU
		{A8199D42-B79F-4550-BA28-AFB3673D3DA0}.Release|Any CPU.ActiveCfg = Release|Any CPU
		{A8199D42-B79F-4550-BA28-AFB3673D3DA0}.Release|Any CPU.Build.0 = Release|Any CPU
		{262BBD63-C8EF-4858-9642-56EA617B4588}.Debug|Any CPU.ActiveCfg = Debug|Any CPU
		{262BBD63-C8EF-4858-9642-56EA617B4588}.Debug|Any CPU.Build.0 = Debug|Any CPU
		{262BBD63-C8EF-4858-9642-56EA617B4588}.Release|Any CPU.ActiveCfg = Release|Any CPU
		{262BBD63-C8EF-4858-9642-56EA617B4588}.Release|Any CPU.Build.0 = Release|Any CPU
		{DCA4D8FE-6085-4B34-AEB6-E77BCFF47982}.Debug|Any CPU.ActiveCfg = Debug|Any CPU
		{DCA4D8FE-6085-4B34-AEB6-E77BCFF47982}.Debug|Any CPU.Build.0 = Debug|Any CPU
		{DCA4D8FE-6085-4B34-AEB6-E77BCFF47982}.Release|Any CPU.ActiveCfg = Release|Any CPU
		{DCA4D8FE-6085-4B34-AEB6-E77BCFF47982}.Release|Any CPU.Build.0 = Release|Any CPU
		{0DCC95D7-B7E5-4DFA-8792-1352BC82E707}.Debug|Any CPU.ActiveCfg = Debug|Any CPU
		{0DCC95D7-B7E5-4DFA-8792-1352BC82E707}.Debug|Any CPU.Build.0 = Debug|Any CPU
		{0DCC95D7-B7E5-4DFA-8792-1352BC82E707}.Release|Any CPU.ActiveCfg = Release|Any CPU
		{0DCC95D7-B7E5-4DFA-8792-1352BC82E707}.Release|Any CPU.Build.0 = Release|Any CPU
		{20F367E5-E130-4139-80B3-CA9903B2AB4D}.Debug|Any CPU.ActiveCfg = Debug|Any CPU
		{20F367E5-E130-4139-80B3-CA9903B2AB4D}.Debug|Any CPU.Build.0 = Debug|Any CPU
		{20F367E5-E130-4139-80B3-CA9903B2AB4D}.Release|Any CPU.ActiveCfg = Release|Any CPU
		{20F367E5-E130-4139-80B3-CA9903B2AB4D}.Release|Any CPU.Build.0 = Release|Any CPU
		{A3DF4095-7638-4AE3-9E05-17BBEE5CAD1B}.Debug|Any CPU.ActiveCfg = Debug|Any CPU
		{A3DF4095-7638-4AE3-9E05-17BBEE5CAD1B}.Debug|Any CPU.Build.0 = Debug|Any CPU
		{A3DF4095-7638-4AE3-9E05-17BBEE5CAD1B}.Release|Any CPU.ActiveCfg = Release|Any CPU
		{A3DF4095-7638-4AE3-9E05-17BBEE5CAD1B}.Release|Any CPU.Build.0 = Release|Any CPU
		{51ED7B34-1963-4EC2-A26D-2608879658AF}.Debug|Any CPU.ActiveCfg = Debug|Any CPU
		{51ED7B34-1963-4EC2-A26D-2608879658AF}.Debug|Any CPU.Build.0 = Debug|Any CPU
		{51ED7B34-1963-4EC2-A26D-2608879658AF}.Release|Any CPU.ActiveCfg = Release|Any CPU
		{51ED7B34-1963-4EC2-A26D-2608879658AF}.Release|Any CPU.Build.0 = Release|Any CPU
		{B15CC8AC-71C5-408E-957D-2484D742A0C4}.Debug|Any CPU.ActiveCfg = Debug|Any CPU
		{B15CC8AC-71C5-408E-957D-2484D742A0C4}.Debug|Any CPU.Build.0 = Debug|Any CPU
		{B15CC8AC-71C5-408E-957D-2484D742A0C4}.Release|Any CPU.ActiveCfg = Release|Any CPU
		{B15CC8AC-71C5-408E-957D-2484D742A0C4}.Release|Any CPU.Build.0 = Release|Any CPU
		{80A0B93F-9B2A-44C7-8F09-F6693C30ECB6}.Debug|Any CPU.ActiveCfg = Debug|Any CPU
		{80A0B93F-9B2A-44C7-8F09-F6693C30ECB6}.Debug|Any CPU.Build.0 = Debug|Any CPU
		{80A0B93F-9B2A-44C7-8F09-F6693C30ECB6}.Release|Any CPU.ActiveCfg = Release|Any CPU
		{80A0B93F-9B2A-44C7-8F09-F6693C30ECB6}.Release|Any CPU.Build.0 = Release|Any CPU
		{B34D8021-0E85-4BC3-81D3-FA9C4B0D1FCD}.Debug|Any CPU.ActiveCfg = Debug|Any CPU
		{B34D8021-0E85-4BC3-81D3-FA9C4B0D1FCD}.Debug|Any CPU.Build.0 = Debug|Any CPU
		{B34D8021-0E85-4BC3-81D3-FA9C4B0D1FCD}.Release|Any CPU.ActiveCfg = Release|Any CPU
		{B34D8021-0E85-4BC3-81D3-FA9C4B0D1FCD}.Release|Any CPU.Build.0 = Release|Any CPU
		{F5A471E4-8046-4008-B4A6-755208872B44}.Debug|Any CPU.ActiveCfg = Debug|Any CPU
		{F5A471E4-8046-4008-B4A6-755208872B44}.Debug|Any CPU.Build.0 = Debug|Any CPU
		{F5A471E4-8046-4008-B4A6-755208872B44}.Release|Any CPU.ActiveCfg = Release|Any CPU
		{F5A471E4-8046-4008-B4A6-755208872B44}.Release|Any CPU.Build.0 = Release|Any CPU
		{663C9131-CDCC-4F31-AAFF-842C0BF1F0B4}.Debug|Any CPU.ActiveCfg = Debug|Any CPU
		{663C9131-CDCC-4F31-AAFF-842C0BF1F0B4}.Debug|Any CPU.Build.0 = Debug|Any CPU
		{663C9131-CDCC-4F31-AAFF-842C0BF1F0B4}.Release|Any CPU.ActiveCfg = Release|Any CPU
		{663C9131-CDCC-4F31-AAFF-842C0BF1F0B4}.Release|Any CPU.Build.0 = Release|Any CPU
		{41F4CAA9-B004-477D-B2F5-4F31EB876739}.Debug|Any CPU.ActiveCfg = Debug|Any CPU
		{41F4CAA9-B004-477D-B2F5-4F31EB876739}.Debug|Any CPU.Build.0 = Debug|Any CPU
		{41F4CAA9-B004-477D-B2F5-4F31EB876739}.Release|Any CPU.ActiveCfg = Release|Any CPU
		{41F4CAA9-B004-477D-B2F5-4F31EB876739}.Release|Any CPU.Build.0 = Release|Any CPU
		{3D58BF63-F959-4425-9815-08434FD8AA12}.Debug|Any CPU.ActiveCfg = Debug|Any CPU
		{3D58BF63-F959-4425-9815-08434FD8AA12}.Debug|Any CPU.Build.0 = Debug|Any CPU
		{3D58BF63-F959-4425-9815-08434FD8AA12}.Release|Any CPU.ActiveCfg = Release|Any CPU
		{3D58BF63-F959-4425-9815-08434FD8AA12}.Release|Any CPU.Build.0 = Release|Any CPU
		{4A191555-DD05-4BC0-A3A8-465B42A594CB}.Debug|Any CPU.ActiveCfg = Debug|Any CPU
		{4A191555-DD05-4BC0-A3A8-465B42A594CB}.Debug|Any CPU.Build.0 = Debug|Any CPU
		{4A191555-DD05-4BC0-A3A8-465B42A594CB}.Release|Any CPU.ActiveCfg = Release|Any CPU
		{4A191555-DD05-4BC0-A3A8-465B42A594CB}.Release|Any CPU.Build.0 = Release|Any CPU
		{45A4A04F-9B89-4446-820F-F3CCBC924BD7}.Debug|Any CPU.ActiveCfg = Debug|Any CPU
		{45A4A04F-9B89-4446-820F-F3CCBC924BD7}.Debug|Any CPU.Build.0 = Debug|Any CPU
		{45A4A04F-9B89-4446-820F-F3CCBC924BD7}.Release|Any CPU.ActiveCfg = Release|Any CPU
		{45A4A04F-9B89-4446-820F-F3CCBC924BD7}.Release|Any CPU.Build.0 = Release|Any CPU
		{56B2E70E-7CC6-4A43-A749-940C6C6A0068}.Debug|Any CPU.ActiveCfg = Debug|Any CPU
		{56B2E70E-7CC6-4A43-A749-940C6C6A0068}.Debug|Any CPU.Build.0 = Debug|Any CPU
		{56B2E70E-7CC6-4A43-A749-940C6C6A0068}.Release|Any CPU.ActiveCfg = Release|Any CPU
		{56B2E70E-7CC6-4A43-A749-940C6C6A0068}.Release|Any CPU.Build.0 = Release|Any CPU
	EndGlobalSection
	GlobalSection(SolutionProperties) = preSolution
		HideSolutionNode = FALSE
	EndGlobalSection
	GlobalSection(NestedProjects) = preSolution
		{6CAC5C27-E88A-4D9E-80A0-3BF4301FF33D} = {5698F384-AF80-47C8-B590-080623530C41}
		{3B3E85A7-0160-4457-9212-EF9897D75DE3} = {5698F384-AF80-47C8-B590-080623530C41}
		{2AA623CD-3E41-456D-8D9F-6BBBB7735194} = {5698F384-AF80-47C8-B590-080623530C41}
		{7D805795-10FF-4D2D-9113-7B4E78594A86} = {553023E0-4738-468D-AC91-25B952C545E9}
		{5E8E2C7D-A154-48F9-9FB2-82439E5A912A} = {553023E0-4738-468D-AC91-25B952C545E9}
		{46E22E69-C290-45F7-ABEE-6942B293BC42} = {553023E0-4738-468D-AC91-25B952C545E9}
		{DB48D36F-4329-44B1-91ED-907068B65ECA} = {6B4C10E7-7D79-46C5-BAED-EEB81BAA7D1E}
		{A8199D42-B79F-4550-BA28-AFB3673D3DA0} = {6B4C10E7-7D79-46C5-BAED-EEB81BAA7D1E}
		{262BBD63-C8EF-4858-9642-56EA617B4588} = {6B4C10E7-7D79-46C5-BAED-EEB81BAA7D1E}
		{DCA4D8FE-6085-4B34-AEB6-E77BCFF47982} = {E9124B49-199F-4A9F-9D14-FD1D6898FBCD}
		{0DCC95D7-B7E5-4DFA-8792-1352BC82E707} = {E9124B49-199F-4A9F-9D14-FD1D6898FBCD}
		{20F367E5-E130-4139-80B3-CA9903B2AB4D} = {E9124B49-199F-4A9F-9D14-FD1D6898FBCD}
		{A3DF4095-7638-4AE3-9E05-17BBEE5CAD1B} = {AA53E90F-7B9E-4ED1-8545-AB5131B0F1F3}
		{51ED7B34-1963-4EC2-A26D-2608879658AF} = {AA53E90F-7B9E-4ED1-8545-AB5131B0F1F3}
		{B15CC8AC-71C5-408E-957D-2484D742A0C4} = {AA53E90F-7B9E-4ED1-8545-AB5131B0F1F3}
		{80A0B93F-9B2A-44C7-8F09-F6693C30ECB6} = {29F29D57-6A79-449F-8137-5B8B02A231D4}
		{B34D8021-0E85-4BC3-81D3-FA9C4B0D1FCD} = {29F29D57-6A79-449F-8137-5B8B02A231D4}
		{F5A471E4-8046-4008-B4A6-755208872B44} = {29F29D57-6A79-449F-8137-5B8B02A231D4}
		{663C9131-CDCC-4F31-AAFF-842C0BF1F0B4} = {3755735D-5B11-4ED1-89E1-DDE3FD4FB503}
		{41F4CAA9-B004-477D-B2F5-4F31EB876739} = {3755735D-5B11-4ED1-89E1-DDE3FD4FB503}
		{3D58BF63-F959-4425-9815-08434FD8AA12} = {3755735D-5B11-4ED1-89E1-DDE3FD4FB503}
		{4A191555-DD05-4BC0-A3A8-465B42A594CB} = {4325AD4E-BEE6-4D9D-953B-C42704AF3C83}
		{45A4A04F-9B89-4446-820F-F3CCBC924BD7} = {4325AD4E-BEE6-4D9D-953B-C42704AF3C83}
		{56B2E70E-7CC6-4A43-A749-940C6C6A0068} = {4325AD4E-BEE6-4D9D-953B-C42704AF3C83}
	EndGlobalSection
	GlobalSection(ExtensibilityGlobals) = postSolution
		SolutionGuid = {1F324FF9-B82D-4C0B-AB37-2258D40A955B}
	EndGlobalSection
EndGlobal
